uuid: 3980b420-03b3-4e97-bc05-8cd21a690aac
langcode: en
status: true
dependencies:
  module:
    - context
    - project_backend
  theme:
    - nrgi
id: newslettersignupblock
theme: nrgi
region: footer
weight: 0
provider: null
plugin: newsletter_signup_block
settings:
  id: newsletter_signup_block
  label: 'Newsletter Signup  block'
  label_display: visible
  provider: project_backend
visibility:
  context_all:
    id: context_all
    negate: null
    values: ''
  context:
    id: context
    negate: null
    values: ''
  user_status:
    id: user_status
    negate: false
    context_mapping:
      user: '@user.current_user_context:current_user'
    user_status:
      viewing_profile: '0'
      logged_viewing_profile: '0'
      own_page_true: '0'
      field_value: '0'
    user_fields: uid
