uuid: 2d212745-c363-4878-8fa2-d44eca3c0c7c
langcode: en
status: true
dependencies:
  module:
    - context
    - project_backend
  theme:
    - nrgi
id: languageswitchbarblock
theme: nrgi
region: content
weight: -2
provider: null
plugin: language_switchbar_block
settings:
  id: language_switchbar_block
  label: 'Language Switchbar Block'
  label_display: visible
  provider: project_backend
visibility:
  context_all:
    id: context_all
    negate: null
    values: ''
  context:
    id: context
    negate: null
    values: ''
  user_status:
    id: user_status
    negate: false
    context_mapping:
      user: '@user.current_user_context:current_user'
    user_status:
      viewing_profile: '0'
      logged_viewing_profile: '0'
      own_page_true: '0'
      field_value: '0'
    user_fields: uid
