uuid: b0d84860-c484-4196-b1d9-941e18bc151e
langcode: en
status: true
dependencies:
  module:
    - context
    - project_backend
  theme:
    - nrgi
id: relatedcontentblock
theme: nrgi
region: content
weight: 0
provider: null
plugin: related_content_block
settings:
  id: related_content_block
  label: 'Related Content block'
  label_display: visible
  provider: project_backend
visibility:
  context_all:
    id: context_all
    negate: null
    values: ''
  context:
    id: context
    negate: null
    values: ''
  user_status:
    id: user_status
    negate: false
    context_mapping:
      user: '@user.current_user_context:current_user'
    user_status:
      viewing_profile: '0'
      logged_viewing_profile: '0'
      own_page_true: '0'
      field_value: '0'
    user_fields: uid
