uuid: e9243a4b-88f2-4461-85c5-87be189b8fa9
langcode: en
status: true
dependencies:
  module:
    - context
    - soapbox_flexible_publishing
    - system
  theme:
    - claro
id: flexible_publishing_add_content_block
theme: claro
region: content
weight: 0
provider: null
plugin: flexible_publishing_add_content_block
settings:
  id: flexible_publishing_add_content_block
  label: 'Flexible publishing add content block'
  label_display: '0'
  provider: soapbox_flexible_publishing
  message: 'I want to add an [type] item using the [template] template.'
  button: Go
visibility:
  context:
    id: context
    negate: null
    values: ''
  user_status:
    id: user_status
    negate: false
    context_mapping:
      user: '@user.current_user_context:current_user'
    user_status:
      viewing_profile: '0'
      logged_viewing_profile: '0'
      own_page_true: '0'
      field_value: '0'
    user_fields: uid
  context_all:
    id: context_all
    negate: null
    values: ''
  request_path:
    id: request_path
    negate: false
    pages: "/node/add\r\n/admin/content"
