uuid: 1cfcec32-b246-44fa-a172-71e58562cc3f
langcode: en
status: true
dependencies:
  module:
    - context
    - project_backend
  theme:
    - nrgi
id: socialmediashareblock
theme: nrgi
region: footer
weight: 0
provider: null
plugin: social_media_share_block
settings:
  id: social_media_share_block
  label: 'Social Media Share block'
  label_display: visible
  provider: project_backend
visibility:
  context_all:
    id: context_all
    negate: null
    values: ''
  context:
    id: context
    negate: null
    values: ''
  user_status:
    id: user_status
    negate: false
    context_mapping:
      user: '@user.current_user_context:current_user'
    user_status:
      viewing_profile: '0'
      logged_viewing_profile: '0'
      own_page_true: '0'
      field_value: '0'
    user_fields: uid
