uuid: 8791491c-4547-4747-aafd-b4bc102cdb97
langcode: en
status: true
dependencies:
  module:
    - context
    - node
    - project_backend
  theme:
    - nrgi
id: personcontributionsblock
theme: nrgi
region: content
weight: 0
provider: null
plugin: person_contributions_block
settings:
  id: person_contributions_block
  label: 'Person Contributions block'
  label_display: visible
  provider: project_backend
visibility:
  context_all:
    id: context_all
    negate: null
    values: ''
  context:
    id: context
    negate: null
    values: ''
  user_status:
    id: user_status
    negate: false
    context_mapping:
      user: '@user.current_user_context:current_user'
    user_status:
      viewing_profile: '0'
      logged_viewing_profile: '0'
      own_page_true: '0'
      field_value: '0'
    user_fields: uid
  'entity_bundle:node':
    id: 'entity_bundle:node'
    negate: false
    context_mapping:
      node: '@node.node_route_context:node'
    bundles:
      person: person
